# This is a Gradle generated file for dependency locking.
# Manual edits can break the build and are not advised.
# This file is expected to be part of source control.
ch.qos.logback:logback-classic:1.5.16=compileClasspath,productionRuntimeClasspath,runtimeClasspath,testCompileClasspath,testRuntimeClasspath
ch.qos.logback:logback-core:1.5.16=compileClasspath,productionRuntimeClasspath,runtimeClasspath,testCompileClasspath,testRuntimeClasspath
com.fasterxml.jackson.core:jackson-annotations:2.18.2=compileClasspath,productionRuntimeClasspath,runtimeClasspath,testCompileClasspath,testRuntimeClasspath
com.fasterxml.jackson.core:jackson-core:2.18.2=compileClasspath,productionRuntimeClasspath,runtimeClasspath,testCompileClasspath,testRuntimeClasspath
com.fasterxml.jackson.core:jackson-databind:2.18.2=compileClasspath,productionRuntimeClasspath,runtimeClasspath,testCompileClasspath,testRuntimeClasspath
com.fasterxml.jackson.dataformat:jackson-dataformat-csv:2.18.2=testRuntimeClasspath
com.fasterxml.jackson.dataformat:jackson-dataformat-toml:2.18.2=compileClasspath,productionRuntimeClasspath,runtimeClasspath,testCompileClasspath,testRuntimeClasspath
com.fasterxml.jackson.datatype:jackson-datatype-jdk8:2.18.2=compileClasspath,productionRuntimeClasspath,runtimeClasspath,testCompileClasspath,testRuntimeClasspath
com.fasterxml.jackson.datatype:jackson-datatype-jsr310:2.18.2=compileClasspath,productionRuntimeClasspath,runtimeClasspath,testCompileClasspath,testRuntimeClasspath
com.fasterxml.jackson.module:jackson-module-parameter-names:2.18.2=compileClasspath,productionRuntimeClasspath,runtimeClasspath,testCompileClasspath,testRuntimeClasspath
com.fasterxml.jackson.module:jackson-module-scala_2.13:2.18.2=testRuntimeClasspath
com.fasterxml.jackson:jackson-bom:2.18.2=compileClasspath,productionRuntimeClasspath,runtimeClasspath,testCompileClasspath,testRuntimeClasspath
com.fasterxml:classmate:1.7.0=compileClasspath,productionRuntimeClasspath,runtimeClasspath,testCompileClasspath,testRuntimeClasspath
com.github.ben-manes.caffeine:caffeine:3.1.8=testRuntimeClasspath
com.github.docker-java:docker-java-api:3.4.0=testCompileClasspath,testRuntimeClasspath
com.github.docker-java:docker-java-transport-zerodep:3.4.0=testCompileClasspath,testRuntimeClasspath
com.github.docker-java:docker-java-transport:3.4.0=testCompileClasspath,testRuntimeClasspath
com.github.luben:zstd-jni:1.5.6-4=productionRuntimeClasspath,runtimeClasspath,testRuntimeClasspath
com.google.code.findbugs:jsr305:3.0.2=checkstyle
com.google.errorprone:error_prone_annotations:2.21.1=testRuntimeClasspath
com.google.errorprone:error_prone_annotations:2.28.0=checkstyle
com.google.guava:failureaccess:1.0.2=checkstyle
com.google.guava:guava:33.3.1-jre=checkstyle
com.google.guava:listenablefuture:9999.0-empty-to-avoid-conflict-with-guava=checkstyle
com.google.j2objc:j2objc-annotations:3.0.0=checkstyle
com.h2database:h2:2.3.232=productionRuntimeClasspath,runtimeClasspath,testRuntimeClasspath
com.jayway.jsonpath:json-path:2.9.0=testCompileClasspath,testRuntimeClasspath
com.puppycrawl.tools:checkstyle:10.12.5=checkstyle
com.sun.istack:istack-commons-runtime:4.1.2=productionRuntimeClasspath,runtimeClasspath,testRuntimeClasspath
com.thoughtworks.paranamer:paranamer:2.8=testRuntimeClasspath
com.typesafe.scala-logging:scala-logging_2.13:3.9.4=testRuntimeClasspath
com.vaadin.external.google:android-json:0.0.20131108.vaadin1=testCompileClasspath,testRuntimeClasspath
com.yammer.metrics:metrics-core:2.2.0=testRuntimeClasspath
com.zaxxer:HikariCP:5.1.0=compileClasspath,productionRuntimeClasspath,runtimeClasspath,testCompileClasspath,testRuntimeClasspath
commons-beanutils:commons-beanutils:1.9.4=checkstyle,testRuntimeClasspath
commons-cli:commons-cli:1.4=testRuntimeClasspath
commons-collections:commons-collections:3.2.2=checkstyle,testRuntimeClasspath
commons-digester:commons-digester:2.1=testRuntimeClasspath
commons-fileupload:commons-fileupload:1.5=compileClasspath,productionRuntimeClasspath,runtimeClasspath,testCompileClasspath,testRuntimeClasspath
commons-io:commons-io:2.11.0=compileClasspath,productionRuntimeClasspath,runtimeClasspath,testCompileClasspath
commons-io:commons-io:2.14.0=testRuntimeClasspath
commons-validator:commons-validator:1.7=testRuntimeClasspath
info.picocli:picocli:4.7.5=checkstyle
io.dropwizard.metrics:metrics-core:4.1.12.1=testRuntimeClasspath
io.github.cdimascio:dotenv-java:3.0.0=compileClasspath,productionRuntimeClasspath,runtimeClasspath,testCompileClasspath,testRuntimeClasspath
io.github.openfeign:feign-core:13.5=compileClasspath,productionRuntimeClasspath,runtimeClasspath,testCompileClasspath,testRuntimeClasspath
io.github.openfeign:feign-form-spring:13.5=compileClasspath,productionRuntimeClasspath,runtimeClasspath,testCompileClasspath,testRuntimeClasspath
io.github.openfeign:feign-form:13.5=compileClasspath,productionRuntimeClasspath,runtimeClasspath,testCompileClasspath,testRuntimeClasspath
io.github.openfeign:feign-slf4j:13.5=compileClasspath,productionRuntimeClasspath,runtimeClasspath,testCompileClasspath,testRuntimeClasspath
io.jsonwebtoken:jjwt-api:0.12.6=compileClasspath,productionRuntimeClasspath,runtimeClasspath,testCompileClasspath,testRuntimeClasspath
io.jsonwebtoken:jjwt-impl:0.12.6=productionRuntimeClasspath,runtimeClasspath,testRuntimeClasspath
io.jsonwebtoken:jjwt-jackson:0.12.6=productionRuntimeClasspath,runtimeClasspath,testRuntimeClasspath
io.micrometer:micrometer-commons:1.14.3=compileClasspath,developmentOnly,productionRuntimeClasspath,runtimeClasspath,testCompileClasspath,testRuntimeClasspath
io.micrometer:micrometer-observation:1.14.3=compileClasspath,developmentOnly,productionRuntimeClasspath,runtimeClasspath,testCompileClasspath,testRuntimeClasspath
io.netty:netty-buffer:4.1.117.Final=testCompileClasspath,testRuntimeClasspath
io.netty:netty-codec:4.1.117.Final=testCompileClasspath,testRuntimeClasspath
io.netty:netty-common:4.1.117.Final=testCompileClasspath,testRuntimeClasspath
io.netty:netty-handler:4.1.117.Final=testCompileClasspath,testRuntimeClasspath
io.netty:netty-resolver:4.1.117.Final=testCompileClasspath,testRuntimeClasspath
io.netty:netty-transport-classes-epoll:4.1.117.Final=testCompileClasspath,testRuntimeClasspath
io.netty:netty-transport-native-epoll:4.1.117.Final=testCompileClasspath,testRuntimeClasspath
io.netty:netty-transport-native-unix-common:4.1.117.Final=testCompileClasspath,testRuntimeClasspath
io.netty:netty-transport:4.1.117.Final=testCompileClasspath,testRuntimeClasspath
io.smallrye:jandex:3.2.0=productionRuntimeClasspath,runtimeClasspath,testRuntimeClasspath
jakarta.activation:jakarta.activation-api:2.1.3=productionRuntimeClasspath,runtimeClasspath,testCompileClasspath,testRuntimeClasspath
jakarta.annotation:jakarta.annotation-api:2.1.1=compileClasspath,productionRuntimeClasspath,runtimeClasspath,testCompileClasspath,testRuntimeClasspath
jakarta.inject:jakarta.inject-api:2.0.1=productionRuntimeClasspath,runtimeClasspath,testRuntimeClasspath
jakarta.persistence:jakarta.persistence-api:3.1.0=compileClasspath,productionRuntimeClasspath,runtimeClasspath,testCompileClasspath,testRuntimeClasspath
jakarta.transaction:jakarta.transaction-api:2.0.1=compileClasspath,productionRuntimeClasspath,runtimeClasspath,testCompileClasspath,testRuntimeClasspath
jakarta.validation:jakarta.validation-api:3.0.2=compileClasspath,productionRuntimeClasspath,runtimeClasspath,testCompileClasspath,testRuntimeClasspath
jakarta.xml.bind:jakarta.xml.bind-api:4.0.2=productionRuntimeClasspath,runtimeClasspath,testCompileClasspath,testRuntimeClasspath
junit:junit:4.13.2=testCompileClasspath,testRuntimeClasspath
net.bytebuddy:byte-buddy-agent:1.15.11=testCompileClasspath,testRuntimeClasspath
net.bytebuddy:byte-buddy:1.15.11=productionRuntimeClasspath,runtimeClasspath,testCompileClasspath,testRuntimeClasspath
net.java.dev.jna:jna:5.13.0=testCompileClasspath,testRuntimeClasspath
net.minidev:accessors-smart:2.5.1=testCompileClasspath,testRuntimeClasspath
net.minidev:json-smart:2.5.1=testCompileClasspath,testRuntimeClasspath
net.sf.jopt-simple:jopt-simple:5.0.4=testRuntimeClasspath
net.sf.saxon:Saxon-HE:12.3=checkstyle
net.sourceforge.argparse4j:argparse4j:0.7.0=testRuntimeClasspath
org.antlr:antlr4-runtime:4.13.0=compileClasspath,productionRuntimeClasspath,runtimeClasspath,testCompileClasspath,testRuntimeClasspath
org.antlr:antlr4-runtime:4.13.1=checkstyle
org.apache.commons:commons-compress:1.24.0=testCompileClasspath,testRuntimeClasspath
org.apache.commons:commons-lang3:3.17.0=checkstyle
org.apache.commons:commons-text:1.3=checkstyle
org.apache.httpcomponents.client5:httpclient5:5.4.1=checkstyle
org.apache.httpcomponents.core5:httpcore5-h2:5.3.2=checkstyle
org.apache.httpcomponents.core5:httpcore5:5.3.2=checkstyle
org.apache.httpcomponents:httpclient:4.5.13=checkstyle
org.apache.httpcomponents:httpcore:4.4.16=checkstyle
org.apache.kafka:kafka-clients:3.8.1=compileClasspath,productionRuntimeClasspath,runtimeClasspath,testCompileClasspath,testRuntimeClasspath
org.apache.kafka:kafka-group-coordinator-api:3.8.1=testRuntimeClasspath
org.apache.kafka:kafka-group-coordinator:3.8.1=testRuntimeClasspath
org.apache.kafka:kafka-metadata:3.8.1=testCompileClasspath,testRuntimeClasspath
org.apache.kafka:kafka-raft:3.8.1=testRuntimeClasspath
org.apache.kafka:kafka-server-common:3.8.1=testCompileClasspath,testRuntimeClasspath
org.apache.kafka:kafka-server:3.8.1=testCompileClasspath,testRuntimeClasspath
org.apache.kafka:kafka-storage-api:3.8.1=testRuntimeClasspath
org.apache.kafka:kafka-storage:3.8.1=testRuntimeClasspath
org.apache.kafka:kafka-streams-test-utils:3.8.1=testCompileClasspath,testRuntimeClasspath
org.apache.kafka:kafka-streams:3.8.1=testCompileClasspath,testRuntimeClasspath
org.apache.kafka:kafka-tools-api:3.8.1=testRuntimeClasspath
org.apache.kafka:kafka-transaction-coordinator:3.8.1=testRuntimeClasspath
org.apache.kafka:kafka_2.13:3.8.1=testCompileClasspath,testRuntimeClasspath
org.apache.logging.log4j:log4j-api:2.24.3=compileClasspath,productionRuntimeClasspath,runtimeClasspath,testCompileClasspath,testRuntimeClasspath
org.apache.logging.log4j:log4j-to-slf4j:2.24.3=compileClasspath,productionRuntimeClasspath,runtimeClasspath,testCompileClasspath,testRuntimeClasspath
org.apache.maven.doxia:doxia-core:1.12.0=checkstyle
org.apache.maven.doxia:doxia-logging-api:1.12.0=checkstyle
org.apache.maven.doxia:doxia-module-xdoc:1.12.0=checkstyle
org.apache.maven.doxia:doxia-sink-api:1.12.0=checkstyle
org.apache.tomcat.embed:tomcat-embed-core:10.1.34=compileClasspath,productionRuntimeClasspath,runtimeClasspath,testCompileClasspath,testRuntimeClasspath
org.apache.tomcat.embed:tomcat-embed-el:10.1.34=compileClasspath,productionRuntimeClasspath,runtimeClasspath,testCompileClasspath,testRuntimeClasspath
org.apache.tomcat.embed:tomcat-embed-websocket:10.1.34=compileClasspath,productionRuntimeClasspath,runtimeClasspath,testCompileClasspath,testRuntimeClasspath
org.apache.xbean:xbean-reflect:3.7=checkstyle
org.apache.yetus:audience-annotations:0.12.0=testCompileClasspath,testRuntimeClasspath
org.apache.zookeeper:zookeeper-jute:3.8.4=testCompileClasspath,testRuntimeClasspath
org.apache.zookeeper:zookeeper:3.8.4=testCompileClasspath,testRuntimeClasspath
org.apiguardian:apiguardian-api:1.1.2=testCompileClasspath
org.aspectj:aspectjweaver:1.9.22.1=compileClasspath,productionRuntimeClasspath,runtimeClasspath,testCompileClasspath,testRuntimeClasspath
org.assertj:assertj-core:3.26.3=testCompileClasspath,testRuntimeClasspath
org.awaitility:awaitility:4.2.2=testCompileClasspath,testRuntimeClasspath
org.bitbucket.b_c:jose4j:0.9.4=testRuntimeClasspath
org.bouncycastle:bcprov-jdk18on:1.84=compileClasspath,productionRuntimeClasspath,runtimeClasspath,testCompileClasspath,testRuntimeClasspath
org.checkerframework:checker-qual:3.43.0=checkstyle
org.checkerframework:checker-qual:3.48.3=productionRuntimeClasspath,runtimeClasspath,testRuntimeClasspath
org.codehaus.plexus:plexus-classworlds:2.6.0=checkstyle
org.codehaus.plexus:plexus-component-annotations:2.1.0=checkstyle
org.codehaus.plexus:plexus-container-default:2.1.0=checkstyle
org.codehaus.plexus:plexus-utils:3.3.0=checkstyle
org.eclipse.angus:angus-activation:2.0.2=productionRuntimeClasspath,runtimeClasspath,testRuntimeClasspath
org.flywaydb:flyway-core:10.20.1=compileClasspath,productionRuntimeClasspath,runtimeClasspath,testCompileClasspath,testRuntimeClasspath
org.flywaydb:flyway-database-postgresql:10.20.1=productionRuntimeClasspath,runtimeClasspath,testRuntimeClasspath
org.glassfish.jaxb:jaxb-core:4.0.5=productionRuntimeClasspath,runtimeClasspath,testRuntimeClasspath
org.glassfish.jaxb:jaxb-runtime:4.0.5=productionRuntimeClasspath,runtimeClasspath,testRuntimeClasspath
org.glassfish.jaxb:txw2:4.0.5=productionRuntimeClasspath,runtimeClasspath,testRuntimeClasspath
org.hamcrest:hamcrest-core:2.2=testCompileClasspath,testRuntimeClasspath
org.hamcrest:hamcrest:2.2=testCompileClasspath,testRuntimeClasspath
org.hibernate.common:hibernate-commons-annotations:7.0.3.Final=productionRuntimeClasspath,runtimeClasspath,testRuntimeClasspath
org.hibernate.orm:hibernate-core:6.6.5.Final=compileClasspath,productionRuntimeClasspath,runtimeClasspath,testCompileClasspath,testRuntimeClasspath
org.hibernate.validator:hibernate-validator:8.0.2.Final=compileClasspath,productionRuntimeClasspath,runtimeClasspath,testCompileClasspath,testRuntimeClasspath
org.jacoco:org.jacoco.agent:0.8.14=jacocoAgent,jacocoAnt
org.jacoco:org.jacoco.ant:0.8.14=jacocoAnt
org.jacoco:org.jacoco.core:0.8.14=jacocoAnt
org.jacoco:org.jacoco.report:0.8.14=jacocoAnt
org.javassist:javassist:3.28.0-GA=checkstyle
org.jboss.logging:jboss-logging:3.6.1.Final=compileClasspath,productionRuntimeClasspath,runtimeClasspath,testCompileClasspath,testRuntimeClasspath
org.jetbrains:annotations:17.0.0=testCompileClasspath,testRuntimeClasspath
org.junit.jupiter:junit-jupiter-api:5.11.4=testCompileClasspath,testRuntimeClasspath
org.junit.jupiter:junit-jupiter-engine:5.11.4=testRuntimeClasspath
org.junit.jupiter:junit-jupiter-params:5.11.4=testCompileClasspath,testRuntimeClasspath
org.junit.jupiter:junit-jupiter:5.11.4=testCompileClasspath,testRuntimeClasspath
org.junit.platform:junit-platform-commons:1.11.4=testCompileClasspath,testRuntimeClasspath
org.junit.platform:junit-platform-engine:1.11.4=testCompileClasspath,testRuntimeClasspath
org.junit.platform:junit-platform-launcher:1.11.4=testCompileClasspath,testRuntimeClasspath
org.junit:junit-bom:5.11.4=testCompileClasspath,testRuntimeClasspath
org.lz4:lz4-java:1.8.0=productionRuntimeClasspath,runtimeClasspath,testRuntimeClasspath
org.mockito:mockito-core:5.14.2=testCompileClasspath,testRuntimeClasspath
org.mockito:mockito-junit-jupiter:5.14.2=testCompileClasspath,testRuntimeClasspath
org.objenesis:objenesis:3.3=testRuntimeClasspath
org.opentest4j:opentest4j:1.3.0=testCompileClasspath,testRuntimeClasspath
org.ow2.asm:asm-commons:9.9=jacocoAnt
org.ow2.asm:asm-tree:9.9=jacocoAnt
org.ow2.asm:asm:9.6=testCompileClasspath,testRuntimeClasspath
org.ow2.asm:asm:9.9=jacocoAnt
org.pcollections:pcollections:4.0.1=testRuntimeClasspath
org.postgresql:postgresql:42.7.5=productionRuntimeClasspath,runtimeClasspath,testRuntimeClasspath
org.projectlombok:lombok:1.18.36=annotationProcessor,compileClasspath
org.reflections:reflections:0.10.2=checkstyle
org.rnorth.duct-tape:duct-tape:1.0.8=testCompileClasspath,testRuntimeClasspath
org.rocksdb:rocksdbjni:7.9.2=testCompileClasspath,testRuntimeClasspath
org.scala-lang.modules:scala-collection-compat_2.13:2.10.0=testRuntimeClasspath
org.scala-lang.modules:scala-java8-compat_2.13:1.0.2=testRuntimeClasspath
org.scala-lang:scala-library:2.13.14=testCompileClasspath
org.scala-lang:scala-library:2.13.15=testRuntimeClasspath
org.scala-lang:scala-reflect:2.13.14=testRuntimeClasspath
org.skyscreamer:jsonassert:1.5.3=testCompileClasspath,testRuntimeClasspath
org.slf4j:jul-to-slf4j:2.0.16=compileClasspath,productionRuntimeClasspath,runtimeClasspath,testCompileClasspath,testRuntimeClasspath
org.slf4j:slf4j-api:2.0.16=compileClasspath,productionRuntimeClasspath,runtimeClasspath,testCompileClasspath,testRuntimeClasspath
org.springframework.boot:spring-boot-autoconfigure:3.4.2=compileClasspath,developmentOnly,productionRuntimeClasspath,runtimeClasspath,testCompileClasspath,testRuntimeClasspath
org.springframework.boot:spring-boot-configuration-processor:3.4.2=annotationProcessor,compileClasspath
org.springframework.boot:spring-boot-devtools:3.4.2=developmentOnly,runtimeClasspath
org.springframework.boot:spring-boot-starter-data-jpa:3.4.2=compileClasspath,productionRuntimeClasspath,runtimeClasspath,testCompileClasspath,testRuntimeClasspath
org.springframework.boot:spring-boot-starter-jdbc:3.4.2=compileClasspath,productionRuntimeClasspath,runtimeClasspath,testCompileClasspath,testRuntimeClasspath
org.springframework.boot:spring-boot-starter-json:3.4.2=compileClasspath,productionRuntimeClasspath,runtimeClasspath,testCompileClasspath,testRuntimeClasspath
org.springframework.boot:spring-boot-starter-logging:3.4.2=compileClasspath,productionRuntimeClasspath,runtimeClasspath,testCompileClasspath,testRuntimeClasspath
org.springframework.boot:spring-boot-starter-security:3.4.2=compileClasspath,productionRuntimeClasspath,runtimeClasspath,testCompileClasspath,testRuntimeClasspath
org.springframework.boot:spring-boot-starter-test:3.4.2=testCompileClasspath,testRuntimeClasspath
org.springframework.boot:spring-boot-starter-tomcat:3.4.2=compileClasspath,productionRuntimeClasspath,runtimeClasspath,testCompileClasspath,testRuntimeClasspath
org.springframework.boot:spring-boot-starter-validation:3.4.2=compileClasspath,productionRuntimeClasspath,runtimeClasspath,testCompileClasspath,testRuntimeClasspath
org.springframework.boot:spring-boot-starter-web:3.4.2=compileClasspath,productionRuntimeClasspath,runtimeClasspath,testCompileClasspath,testRuntimeClasspath
org.springframework.boot:spring-boot-starter-websocket:3.4.2=compileClasspath,productionRuntimeClasspath,runtimeClasspath,testCompileClasspath,testRuntimeClasspath
org.springframework.boot:spring-boot-starter:3.4.2=compileClasspath,productionRuntimeClasspath,runtimeClasspath,testCompileClasspath,testRuntimeClasspath
org.springframework.boot:spring-boot-test-autoconfigure:3.4.2=testCompileClasspath,testRuntimeClasspath
org.springframework.boot:spring-boot-test:3.4.2=testCompileClasspath,testRuntimeClasspath
org.springframework.boot:spring-boot:3.4.2=compileClasspath,developmentOnly,productionRuntimeClasspath,runtimeClasspath,testCompileClasspath,testRuntimeClasspath
org.springframework.cloud:spring-cloud-commons:4.2.0=compileClasspath,productionRuntimeClasspath,runtimeClasspath,testCompileClasspath,testRuntimeClasspath
org.springframework.cloud:spring-cloud-context:4.2.0=compileClasspath,productionRuntimeClasspath,runtimeClasspath,testCompileClasspath,testRuntimeClasspath
org.springframework.cloud:spring-cloud-dependencies:2024.0.0=compileClasspath,productionRuntimeClasspath,runtimeClasspath,testCompileClasspath,testRuntimeClasspath
org.springframework.cloud:spring-cloud-openfeign-core:4.2.0=compileClasspath,productionRuntimeClasspath,runtimeClasspath,testCompileClasspath,testRuntimeClasspath
org.springframework.cloud:spring-cloud-starter-openfeign:4.2.0=compileClasspath,productionRuntimeClasspath,runtimeClasspath,testCompileClasspath,testRuntimeClasspath
org.springframework.cloud:spring-cloud-starter:4.2.0=compileClasspath,productionRuntimeClasspath,runtimeClasspath,testCompileClasspath,testRuntimeClasspath
org.springframework.data:spring-data-commons:3.4.2=compileClasspath,productionRuntimeClasspath,runtimeClasspath,testCompileClasspath,testRuntimeClasspath
org.springframework.data:spring-data-jpa:3.4.2=compileClasspath,productionRuntimeClasspath,runtimeClasspath,testCompileClasspath,testRuntimeClasspath
org.springframework.kafka:spring-kafka-test:3.3.2=testCompileClasspath,testRuntimeClasspath
org.springframework.kafka:spring-kafka:3.3.2=compileClasspath,productionRuntimeClasspath,runtimeClasspath,testCompileClasspath,testRuntimeClasspath
org.springframework.retry:spring-retry:2.0.11=compileClasspath,productionRuntimeClasspath,runtimeClasspath,testCompileClasspath,testRuntimeClasspath
org.springframework.security:spring-security-config:6.4.2=compileClasspath,productionRuntimeClasspath,runtimeClasspath,testCompileClasspath,testRuntimeClasspath
org.springframework.security:spring-security-core:6.4.2=compileClasspath,productionRuntimeClasspath,runtimeClasspath,testCompileClasspath,testRuntimeClasspath
org.springframework.security:spring-security-crypto:6.4.2=compileClasspath,productionRuntimeClasspath,runtimeClasspath,testCompileClasspath,testRuntimeClasspath
org.springframework.security:spring-security-web:6.4.2=compileClasspath,productionRuntimeClasspath,runtimeClasspath,testCompileClasspath,testRuntimeClasspath
org.springframework:spring-aop:6.2.2=compileClasspath,developmentOnly,productionRuntimeClasspath,runtimeClasspath,testCompileClasspath,testRuntimeClasspath
org.springframework:spring-aspects:6.2.2=compileClasspath,productionRuntimeClasspath,runtimeClasspath,testCompileClasspath,testRuntimeClasspath
org.springframework:spring-beans:6.2.2=compileClasspath,developmentOnly,productionRuntimeClasspath,runtimeClasspath,testCompileClasspath,testRuntimeClasspath
org.springframework:spring-context:6.2.2=compileClasspath,developmentOnly,productionRuntimeClasspath,runtimeClasspath,testCompileClasspath,testRuntimeClasspath
org.springframework:spring-core:6.2.2=compileClasspath,developmentOnly,productionRuntimeClasspath,runtimeClasspath,testCompileClasspath,testRuntimeClasspath
org.springframework:spring-expression:6.2.2=compileClasspath,developmentOnly,productionRuntimeClasspath,runtimeClasspath,testCompileClasspath,testRuntimeClasspath
org.springframework:spring-jcl:6.2.2=compileClasspath,developmentOnly,productionRuntimeClasspath,runtimeClasspath,testCompileClasspath,testRuntimeClasspath
org.springframework:spring-jdbc:6.2.2=compileClasspath,productionRuntimeClasspath,runtimeClasspath,testCompileClasspath,testRuntimeClasspath
org.springframework:spring-messaging:6.2.2=compileClasspath,productionRuntimeClasspath,runtimeClasspath,testCompileClasspath,testRuntimeClasspath
org.springframework:spring-orm:6.2.2=compileClasspath,productionRuntimeClasspath,runtimeClasspath,testCompileClasspath,testRuntimeClasspath
org.springframework:spring-test:6.2.2=testCompileClasspath,testRuntimeClasspath
org.springframework:spring-tx:6.2.2=compileClasspath,productionRuntimeClasspath,runtimeClasspath,testCompileClasspath,testRuntimeClasspath
org.springframework:spring-web:6.2.2=compileClasspath,productionRuntimeClasspath,runtimeClasspath,testCompileClasspath,testRuntimeClasspath
org.springframework:spring-webmvc:6.2.2=compileClasspath,productionRuntimeClasspath,runtimeClasspath,testCompileClasspath,testRuntimeClasspath
org.springframework:spring-websocket:6.2.2=compileClasspath,productionRuntimeClasspath,runtimeClasspath,testCompileClasspath,testRuntimeClasspath
org.testcontainers:kafka:1.20.4=testCompileClasspath,testRuntimeClasspath
org.testcontainers:testcontainers:1.20.4=testCompileClasspath,testRuntimeClasspath
org.xerial.snappy:snappy-java:1.1.10.5=productionRuntimeClasspath,runtimeClasspath,testRuntimeClasspath
org.xmlresolver:xmlresolver:5.2.0=checkstyle
org.xmlunit:xmlunit-core:2.10.0=testCompileClasspath,testRuntimeClasspath
org.yaml:snakeyaml:2.3=compileClasspath,productionRuntimeClasspath,runtimeClasspath,testCompileClasspath,testRuntimeClasspath
empty=testAndDevelopmentOnly,testAnnotationProcessor
